
Microsoft Visual Studio Solution File, Format Version 12.00
# Visual Studio Version 16
VisualStudioVersion = 16.0.29911.84
MinimumVisualStudioVersion = 10.0.40219.1
Project("{888888A0-9F3D-457C-B088-3A5042F75D52}") = "TD ML", "TD ML\TD ML.pyproj", "{F90B9661-A75F-422C-BB9F-61AB070E2481}"
EndProject
Global
	GlobalSection(SolutionConfigurationPlatforms) = preSolution
		Debug|Any CPU = Debug|Any CPU
		Release|Any CPU = Release|Any CPU
	EndGlobalSection
	GlobalSection(ProjectConfigurationPlatforms) = postSolution
		{F90B9661-A75F-422C-BB9F-61AB070E2481}.Debug|Any CPU.ActiveCfg = Debug|Any CPU
		{F90B9661-A75F-422C-BB9F-61AB070E2481}.Release|Any CPU.ActiveCfg = Release|Any CPU
	EndGlobalSection
	GlobalSection(SolutionProperties) = preSolution
		HideSolutionNode = FALSE
	EndGlobalSection
	GlobalSection(ExtensibilityGlobals) = postSolution
		SolutionGuid = {A5BA5309-5157-45F3-9F1E-1E59A24D3083}
	EndGlobalSection
EndGlobal
